
Microsoft Visual Studio Solution File, Format Version 12.00
# Visual Studio Version 17
VisualStudioVersion = 17.4.33213.308
MinimumVisualStudioVersion = 10.0.40219.1
Project("{FAE04EC0-301F-11D3-BF4B-00C04F79EFBC}") = "COMP003A.LectureActivity4", "COMP003A.LectureActivity4\COMP003A.LectureActivity4.csproj", "{66AB7A54-A07F-4C07-B023-7697B7591894}"
EndProject
Global
	GlobalSection(SolutionConfigurationPlatforms) = preSolution
		Debug|Any CPU = Debug|Any CPU
		Release|Any CPU = Release|Any CPU
	EndGlobalSection
	GlobalSection(ProjectConfigurationPlatforms) = postSolution
		{66AB7A54-A07F-4C07-B023-7697B7591894}.Debug|Any CPU.ActiveCfg = Debug|Any CPU
		{66AB7A54-A07F-4C07-B023-7697B7591894}.Debug|Any CPU.Build.0 = Debug|Any CPU
		{66AB7A54-A07F-4C07-B023-7697B7591894}.Release|Any CPU.ActiveCfg = Release|Any CPU
		{66AB7A54-A07F-4C07-B023-7697B7591894}.Release|Any CPU.Build.0 = Release|Any CPU
	EndGlobalSection
	GlobalSection(SolutionProperties) = preSolution
		HideSolutionNode = FALSE
	EndGlobalSection
	GlobalSection(ExtensibilityGlobals) = postSolution
		SolutionGuid = {488A8413-9D73-4A5D-B86E-A037B815B948}
	EndGlobalSection
EndGlobal
